{
    "name": "surveybuilderteams/surveybuilder",
    "description": "Build Surveys in the most perfessional way.",
    "authors": [
        {
            "name": "SurveyBuilder-Admin",
            "email": "surveybuildersbot@gmail.com",
            "homepage": "https://surveybuilder.epizy.com/Home.php",
            "role": "Developer"
        },
        {
            "name": "SurveyBuilder-Bot",
            "email": "surveybuilderbot@gmail.com",
            "homepage": "https://surveybuilder.epizy.com/Home.php",
            "role": "Bot"
        }
    ],
    
   "license": "MIT"


}
